PODS:
  - Localizable (0.1.0):
    - Localizable/Core (= 0.1.0)
  - Localizable/Core (0.1.0)
  - Nimble (4.0.0)
  - Quick (0.9.1)

DEPENDENCIES:
  - Localizable (from `../`)
  - Nimble
  - Quick

EXTERNAL SOURCES:
  Localizable:
    :path: "../"

SPEC CHECKSUMS:
  Localizable: 6c6fbbe26d8c6130a1add22ff6241325492697ee
  Nimble: 72bcc3e2f02242e6bfaaf8d9412ca7bfe3d8b417
  Quick: a5221fc21788b6aeda934805e68b061839bc3165

PODFILE CHECKSUM: a92310dcef058f041876408c5d1f89f4f6c6125d

COCOAPODS: 1.0.1
